
Microsoft Visual Studio Solution File, Format Version 12.00
# Visual Studio 2013
VisualStudioVersion = 12.0.30501.0
MinimumVisualStudioVersion = 10.0.40219.1
Project("{FAE04EC0-301F-11D3-BF4B-00C04F79EFBC}") = "CronParser", "CronParser\CronParser.csproj", "{530967A0-23AA-424C-B026-5F83E17E3071}"
EndProject
Project("{FAE04EC0-301F-11D3-BF4B-00C04F79EFBC}") = "CronParserLib", "CronParserLib\CronParserLib.csproj", "{A4A8118D-B62C-4C3F-B235-81CB0AB43C39}"
EndProject
Global
	GlobalSection(SolutionConfigurationPlatforms) = preSolution
		Debug|Any CPU = Debug|Any CPU
		Release|Any CPU = Release|Any CPU
	EndGlobalSection
	GlobalSection(ProjectConfigurationPlatforms) = postSolution
		{530967A0-23AA-424C-B026-5F83E17E3071}.Debug|Any CPU.ActiveCfg = Debug|Any CPU
		{530967A0-23AA-424C-B026-5F83E17E3071}.Debug|Any CPU.Build.0 = Debug|Any CPU
		{530967A0-23AA-424C-B026-5F83E17E3071}.Release|Any CPU.ActiveCfg = Release|Any CPU
		{530967A0-23AA-424C-B026-5F83E17E3071}.Release|Any CPU.Build.0 = Release|Any CPU
		{A4A8118D-B62C-4C3F-B235-81CB0AB43C39}.Debug|Any CPU.ActiveCfg = Debug|Any CPU
		{A4A8118D-B62C-4C3F-B235-81CB0AB43C39}.Debug|Any CPU.Build.0 = Debug|Any CPU
		{A4A8118D-B62C-4C3F-B235-81CB0AB43C39}.Release|Any CPU.ActiveCfg = Release|Any CPU
		{A4A8118D-B62C-4C3F-B235-81CB0AB43C39}.Release|Any CPU.Build.0 = Release|Any CPU
	EndGlobalSection
	GlobalSection(SolutionProperties) = preSolution
		HideSolutionNode = FALSE
	EndGlobalSection
EndGlobal
